
Microsoft Visual Studio Solution File, Format Version 12.00
# Visual Studio 2012
Project("{FAE04EC0-301F-11D3-BF4B-00C04F79EFBC}") = "wpf-dota2booster", "wpf-dota2booster\wpf-dota2booster.csproj", "{3FC46F46-7302-4176-95B9-BE5F88DA0841}"
EndProject
Global
	GlobalSection(SolutionConfigurationPlatforms) = preSolution
		Debug|Any CPU = Debug|Any CPU
		Release|Any CPU = Release|Any CPU
	EndGlobalSection
	GlobalSection(ProjectConfigurationPlatforms) = postSolution
		{3FC46F46-7302-4176-95B9-BE5F88DA0841}.Debug|Any CPU.ActiveCfg = Debug|Any CPU
		{3FC46F46-7302-4176-95B9-BE5F88DA0841}.Debug|Any CPU.Build.0 = Debug|Any CPU
		{3FC46F46-7302-4176-95B9-BE5F88DA0841}.Release|Any CPU.ActiveCfg = Release|Any CPU
		{3FC46F46-7302-4176-95B9-BE5F88DA0841}.Release|Any CPU.Build.0 = Release|Any CPU
	EndGlobalSection
	GlobalSection(SolutionProperties) = preSolution
		HideSolutionNode = FALSE
	EndGlobalSection
EndGlobal
